
Microsoft Visual Studio Solution File, Format Version 12.00
# Visual Studio 15
VisualStudioVersion = 15.0.28010.2048
MinimumVisualStudioVersion = 10.0.40219.1
Project("{FAE04EC0-301F-11D3-BF4B-00C04F79EFBC}") = "Lib01Basic", "Lib01Basic\Lib01Basic.csproj", "{B5DCC1B8-02B9-426C-99DD-B880C0BD847F}"
EndProject
Project("{FAE04EC0-301F-11D3-BF4B-00C04F79EFBC}") = "Lib02Web", "Lib02Web\Lib02Web.csproj", "{C881A688-16A8-4F32-9E77-6F49860E064F}"
EndProject
Project("{FAE04EC0-301F-11D3-BF4B-00C04F79EFBC}") = "LibsTest", "LibsTest\LibsTest.csproj", "{E11381F1-7B73-4C43-BECA-2C129AD5BC57}"
EndProject
Global
	GlobalSection(SolutionConfigurationPlatforms) = preSolution
		Debug|Any CPU = Debug|Any CPU
		Release|Any CPU = Release|Any CPU
	EndGlobalSection
	GlobalSection(ProjectConfigurationPlatforms) = postSolution
		{B5DCC1B8-02B9-426C-99DD-B880C0BD847F}.Debug|Any CPU.ActiveCfg = Debug|Any CPU
		{B5DCC1B8-02B9-426C-99DD-B880C0BD847F}.Debug|Any CPU.Build.0 = Debug|Any CPU
		{B5DCC1B8-02B9-426C-99DD-B880C0BD847F}.Release|Any CPU.ActiveCfg = Release|Any CPU
		{B5DCC1B8-02B9-426C-99DD-B880C0BD847F}.Release|Any CPU.Build.0 = Release|Any CPU
		{C881A688-16A8-4F32-9E77-6F49860E064F}.Debug|Any CPU.ActiveCfg = Debug|Any CPU
		{C881A688-16A8-4F32-9E77-6F49860E064F}.Debug|Any CPU.Build.0 = Debug|Any CPU
		{C881A688-16A8-4F32-9E77-6F49860E064F}.Release|Any CPU.ActiveCfg = Release|Any CPU
		{C881A688-16A8-4F32-9E77-6F49860E064F}.Release|Any CPU.Build.0 = Release|Any CPU
		{E11381F1-7B73-4C43-BECA-2C129AD5BC57}.Debug|Any CPU.ActiveCfg = Debug|Any CPU
		{E11381F1-7B73-4C43-BECA-2C129AD5BC57}.Debug|Any CPU.Build.0 = Debug|Any CPU
		{E11381F1-7B73-4C43-BECA-2C129AD5BC57}.Release|Any CPU.ActiveCfg = Release|Any CPU
		{E11381F1-7B73-4C43-BECA-2C129AD5BC57}.Release|Any CPU.Build.0 = Release|Any CPU
	EndGlobalSection
	GlobalSection(SolutionProperties) = preSolution
		HideSolutionNode = FALSE
	EndGlobalSection
	GlobalSection(ExtensibilityGlobals) = postSolution
		SolutionGuid = {08214588-7BDB-48B8-9F1A-5651B20A4575}
	EndGlobalSection
EndGlobal
